// !$*UTF8*$!
{
	archiveVersion = 1;
	classes = {
	};
	objectVersion = 55;
	objects = {

/* Begin PBXBuildFile section */
		F037602F289ACDF100368B86 /* AppDelegate.swift in Sources */ = {isa = PBXBuildFile; fileRef = F037602E289ACDF100368B86 /* AppDelegate.swift */; };
		F0376031289ACDF100368B86 /* SceneDelegate.swift in Sources */ = {isa = PBXBuildFile; fileRef = F0376030289ACDF100368B86 /* SceneDelegate.swift */; };
		F0376033289ACDF100368B86 /* ViewController.swift in Sources */ = {isa = PBXBuildFile; fileRef = F0376032289ACDF100368B86 /* ViewController.swift */; };
		F0376036289ACDF100368B86 /* Main.storyboard in Resources */ = {isa = PBXBuildFile; fileRef = F0376034289ACDF100368B86 /* Main.storyboard */; };
		F0376038289ACDF200368B86 /* Assets.xcassets in Resources */ = {isa = PBXBuildFile; fileRef = F0376037289ACDF200368B86 /* Assets.xcassets */; };
		F037603B289ACDF200368B86 /* LaunchScreen.storyboard in Resources */ = {isa = PBXBuildFile; fileRef = F0376039289ACDF200368B86 /* LaunchScreen.storyboard */; };
		F0376046289ACDF200368B86 /* RxSwiftStudyTests.swift in Sources */ = {isa = PBXBuildFile; fileRef = F0376045289ACDF200368B86 /* RxSwiftStudyTests.swift */; };
		F0376050289ACDF200368B86 /* RxSwiftStudyUITests.swift in Sources */ = {isa = PBXBuildFile; fileRef = F037604F289ACDF200368B86 /* RxSwiftStudyUITests.swift */; };
		F0376052289ACDF200368B86 /* RxSwiftStudyUITestsLaunchTests.swift in Sources */ = {isa = PBXBuildFile; fileRef = F0376051289ACDF200368B86 /* RxSwiftStudyUITestsLaunchTests.swift */; };
		F0376061289ACE3300368B86 /* RxCocoa in Frameworks */ = {isa = PBXBuildFile; productRef = F0376060289ACE3300368B86 /* RxCocoa */; };
		F0376063289ACE3300368B86 /* RxRelay in Frameworks */ = {isa = PBXBuildFile; productRef = F0376062289ACE3300368B86 /* RxRelay */; };
		F0376065289ACE3300368B86 /* RxSwift in Frameworks */ = {isa = PBXBuildFile; productRef = F0376064289ACE3300368B86 /* RxSwift */; };
/* End PBXBuildFile section */

/* Begin PBXContainerItemProxy section */
		F0376042289ACDF200368B86 /* PBXContainerItemProxy */ = {
			isa = PBXContainerItemProxy;
			containerPortal = F0376023289ACDF100368B86 /* Project object */;
			proxyType = 1;
			remoteGlobalIDString = F037602A289ACDF100368B86;
			remoteInfo = RxSwiftStudy;
		};
		F037604C289ACDF200368B86 /* PBXContainerItemProxy */ = {
			isa = PBXContainerItemProxy;
			containerPortal = F0376023289ACDF100368B86 /* Project object */;
			proxyType = 1;
			remoteGlobalIDString = F037602A289ACDF100368B86;
			remoteInfo = RxSwiftStudy;
		};
/* End PBXContainerItemProxy section */

/* Begin PBXFileReference section */
		F037602B289ACDF100368B86 /* RxSwiftStudy.app */ = {isa = PBXFileReference; explicitFileType = wrapper.application; includeInIndex = 0; path = RxSwiftStudy.app; sourceTree = BUILT_PRODUCTS_DIR; };
		F037602E289ACDF100368B86 /* AppDelegate.swift */ = {isa = PBXFileReference; lastKnownFileType = sourcecode.swift; path = AppDelegate.swift; sourceTree = "<group>"; };
		F0376030289ACDF100368B86 /* SceneDelegate.swift */ = {isa = PBXFileReference; lastKnownFileType = sourcecode.swift; path = SceneDelegate.swift; sourceTree = "<group>"; };
		F0376032289ACDF100368B86 /* ViewController.swift */ = {isa = PBXFileReference; lastKnownFileType = sourcecode.swift; path = ViewController.swift; sourceTree = "<group>"; };
		F0376035289ACDF100368B86 /* Base */ = {isa = PBXFileReference; lastKnownFileType = file.storyboard; name = Base; path = Base.lproj/Main.storyboard; sourceTree = "<group>"; };
		F0376037289ACDF200368B86 /* Assets.xcassets */ = {isa = PBXFileReference; lastKnownFileType = folder.assetcatalog; path = Assets.xcassets; sourceTree = "<group>"; };
		F037603A289ACDF200368B86 /* Base */ = {isa = PBXFileReference; lastKnownFileType = file.storyboard; name = Base; path = Base.lproj/LaunchScreen.storyboard; sourceTree = "<group>"; };
		F037603C289ACDF200368B86 /* Info.plist */ = {isa = PBXFileReference; lastKnownFileType = text.plist.xml; path = Info.plist; sourceTree = "<group>"; };
		F0376041289ACDF200368B86 /* RxSwiftStudyTests.xctest */ = {isa = PBXFileReference; explicitFileType = wrapper.cfbundle; includeInIndex = 0; path = RxSwiftStudyTests.xctest; sourceTree = BUILT_PRODUCTS_DIR; };
		F0376045289ACDF200368B86 /* RxSwiftStudyTests.swift */ = {isa = PBXFileReference; lastKnownFileType = sourcecode.swift; path = RxSwiftStudyTests.swift; sourceTree = "<group>"; };
		F037604B289ACDF200368B86 /* RxSwiftStudyUITests.xctest */ = {isa = PBXFileReference; explicitFileType = wrapper.cfbundle; includeInIndex = 0; path = RxSwiftStudyUITests.xctest; sourceTree = BUILT_PRODUCTS_DIR; };
		F037604F289ACDF200368B86 /* RxSwiftStudyUITests.swift */ = {isa = PBXFileReference; lastKnownFileType = sourcecode.swift; path = RxSwiftStudyUITests.swift; sourceTree = "<group>"; };
		F0376051289ACDF200368B86 /* RxSwiftStudyUITestsLaunchTests.swift */ = {isa = PBXFileReference; lastKnownFileType = sourcecode.swift; path = RxSwiftStudyUITestsLaunchTests.swift; sourceTree = "<group>"; };
		F037605E289ACE0800368B86 /* RxSwiftPlayground.playground */ = {isa = PBXFileReference; lastKnownFileType = file.playground; path = RxSwiftPlayground.playground; sourceTree = "<group>"; xcLanguageSpecificationIdentifier = xcode.lang.swift; };
/* End PBXFileReference section */

/* Begin PBXFrameworksBuildPhase section */
		F0376028289ACDF100368B86 /* Frameworks */ = {
			isa = PBXFrameworksBuildPhase;
			buildActionMask = 2147483647;
			files = (
				F0376065289ACE3300368B86 /* RxSwift in Frameworks */,
				F0376063289ACE3300368B86 /* RxRelay in Frameworks */,
				F0376061289ACE3300368B86 /* RxCocoa in Frameworks */,
			);
			runOnlyForDeploymentPostprocessing = 0;
		};
		F037603E289ACDF200368B86 /* Frameworks */ = {
			isa = PBXFrameworksBuildPhase;
			buildActionMask = 2147483647;
			files = (
			);
			runOnlyForDeploymentPostprocessing = 0;
		};
		F0376048289ACDF200368B86 /* Frameworks */ = {
			isa = PBXFrameworksBuildPhase;
			buildActionMask = 2147483647;
			files = (
			);
			runOnlyForDeploymentPostprocessing = 0;
		};
/* End PBXFrameworksBuildPhase section */

/* Begin PBXGroup section */
		F0376022289ACDF100368B86 = {
			isa = PBXGroup;
			children = (
				F037602D289ACDF100368B86 /* RxSwiftStudy */,
				F0376044289ACDF200368B86 /* RxSwiftStudyTests */,
				F037604E289ACDF200368B86 /* RxSwiftStudyUITests */,
				F037602C289ACDF100368B86 /* Products */,
			);
			sourceTree = "<group>";
		};
		F037602C289ACDF100368B86 /* Products */ = {
			isa = PBXGroup;
			children = (
				F037602B289ACDF100368B86 /* RxSwiftStudy.app */,
				F0376041289ACDF200368B86 /* RxSwiftStudyTests.xctest */,
				F037604B289ACDF200368B86 /* RxSwiftStudyUITests.xctest */,
			);
			name = Products;
			sourceTree = "<group>";
		};
		F037602D289ACDF100368B86 /* RxSwiftStudy */ = {
			isa = PBXGroup;
			children = (
				F037602E289ACDF100368B86 /* AppDelegate.swift */,
				F0376030289ACDF100368B86 /* SceneDelegate.swift */,
				F0376032289ACDF100368B86 /* ViewController.swift */,
				F0376034289ACDF100368B86 /* Main.storyboard */,
				F0376037289ACDF200368B86 /* Assets.xcassets */,
				F0376039289ACDF200368B86 /* LaunchScreen.storyboard */,
				F037603C289ACDF200368B86 /* Info.plist */,
				F037605E289ACE0800368B86 /* RxSwiftPlayground.playground */,
			);
			path = RxSwiftStudy;
			sourceTree = "<group>";
		};
		F0376044289ACDF200368B86 /* RxSwiftStudyTests */ = {
			isa = PBXGroup;
			children = (
				F0376045289ACDF200368B86 /* RxSwiftStudyTests.swift */,
			);
			path = RxSwiftStudyTests;
			sourceTree = "<group>";
		};
		F037604E289ACDF200368B86 /* RxSwiftStudyUITests */ = {
			isa = PBXGroup;
			children = (
				F037604F289ACDF200368B86 /* RxSwiftStudyUITests.swift */,
				F0376051289ACDF200368B86 /* RxSwiftStudyUITestsLaunchTests.swift */,
			);
			path = RxSwiftStudyUITests;
			sourceTree = "<group>";
		};
/* End PBXGroup section */

/* Begin PBXNativeTarget section */
		F037602A289ACDF100368B86 /* RxSwiftStudy */ = {
			isa = PBXNativeTarget;
			buildConfigurationList = F0376055289ACDF200368B86 /* Build configuration list for PBXNativeTarget "RxSwiftStudy" */;
			buildPhases = (
				F0376027289ACDF100368B86 /* Sources */,
				F0376028289ACDF100368B86 /* Frameworks */,
				F0376029289ACDF100368B86 /* Resources */,
			);
			buildRules = (
			);
			dependencies = (
			);
			name = RxSwiftStudy;
			packageProductDependencies = (
				F0376060289ACE3300368B86 /* RxCocoa */,
				F0376062289ACE3300368B86 /* RxRelay */,
				F0376064289ACE3300368B86 /* RxSwift */,
			);
			productName = RxSwiftStudy;
			productReference = F037602B289ACDF100368B86 /* RxSwiftStudy.app */;
			productType = "com.apple.product-type.application";
		};
		F0376040289ACDF200368B86 /* RxSwiftStudyTests */ = {
			isa = PBXNativeTarget;
			buildConfigurationList = F0376058289ACDF200368B86 /* Build configuration list for PBXNativeTarget "RxSwiftStudyTests" */;
			buildPhases = (
				F037603D289ACDF200368B86 /* Sources */,
				F037603E289ACDF200368B86 /* Frameworks */,
				F037603F289ACDF200368B86 /* Resources */,
			);
			buildRules = (
			);
			dependencies = (
				F0376043289ACDF200368B86 /* PBXTargetDependency */,
			);
			name = RxSwiftStudyTests;
			productName = RxSwiftStudyTests;
			productReference = F0376041289ACDF200368B86 /* RxSwiftStudyTests.xctest */;
			productType = "com.apple.product-type.bundle.unit-test";
		};
		F037604A289ACDF200368B86 /* RxSwiftStudyUITests */ = {
			isa = PBXNativeTarget;
			buildConfigurationList = F037605B289ACDF200368B86 /* Build configuration list for PBXNativeTarget "RxSwiftStudyUITests" */;
			buildPhases = (
				F0376047289ACDF200368B86 /* Sources */,
				F0376048289ACDF200368B86 /* Frameworks */,
				F0376049289ACDF200368B86 /* Resources */,
			);
			buildRules = (
			);
			dependencies = (
				F037604D289ACDF200368B86 /* PBXTargetDependency */,
			);
			name = RxSwiftStudyUITests;
			productName = RxSwiftStudyUITests;
			productReference = F037604B289ACDF200368B86 /* RxSwiftStudyUITests.xctest */;
			productType = "com.apple.product-type.bundle.ui-testing";
		};
/* End PBXNativeTarget section */

/* Begin PBXProject section */
		F0376023289ACDF100368B86 /* Project object */ = {
			isa = PBXProject;
			attributes = {
				BuildIndependentTargetsInParallel = 1;
				LastSwiftUpdateCheck = 1340;
				LastUpgradeCheck = 1340;
				TargetAttributes = {
					F037602A289ACDF100368B86 = {
						CreatedOnToolsVersion = 13.4.1;
					};
					F0376040289ACDF200368B86 = {
						CreatedOnToolsVersion = 13.4.1;
						TestTargetID = F037602A289ACDF100368B86;
					};
					F037604A289ACDF200368B86 = {
						CreatedOnToolsVersion = 13.4.1;
						TestTargetID = F037602A289ACDF100368B86;
					};
				};
			};
			buildConfigurationList = F0376026289ACDF100368B86 /* Build configuration list for PBXProject "RxSwiftStudy" */;
			compatibilityVersion = "Xcode 13.0";
			developmentRegion = en;
			hasScannedForEncodings = 0;
			knownRegions = (
				en,
				Base,
			);
			mainGroup = F0376022289ACDF100368B86;
			packageReferences = (
				F037605F289ACE3300368B86 /* XCRemoteSwiftPackageReference "RxSwift" */,
			);
			productRefGroup = F037602C289ACDF100368B86 /* Products */;
			projectDirPath = "";
			projectRoot = "";
			targets = (
				F037602A289ACDF100368B86 /* RxSwiftStudy */,
				F0376040289ACDF200368B86 /* RxSwiftStudyTests */,
				F037604A289ACDF200368B86 /* RxSwiftStudyUITests */,
			);
		};
/* End PBXProject section */

/* Begin PBXResourcesBuildPhase section */
		F0376029289ACDF100368B86 /* Resources */ = {
			isa = PBXResourcesBuildPhase;
			buildActionMask = 2147483647;
			files = (
				F037603B289ACDF200368B86 /* LaunchScreen.storyboard in Resources */,
				F0376038289ACDF200368B86 /* Assets.xcassets in Resources */,
				F0376036289ACDF100368B86 /* Main.storyboard in Resources */,
			);
			runOnlyForDeploymentPostprocessing = 0;
		};
		F037603F289ACDF200368B86 /* Resources */ = {
			isa = PBXResourcesBuildPhase;
			buildActionMask = 2147483647;
			files = (
			);
			runOnlyForDeploymentPostprocessing = 0;
		};
		F0376049289ACDF200368B86 /* Resources */ = {
			isa = PBXResourcesBuildPhase;
			buildActionMask = 2147483647;
			files = (
			);
			runOnlyForDeploymentPostprocessing = 0;
		};
/* End PBXResourcesBuildPhase section */

/* Begin PBXSourcesBuildPhase section */
		F0376027289ACDF100368B86 /* Sources */ = {
			isa = PBXSourcesBuildPhase;
			buildActionMask = 2147483647;
			files = (
				F0376033289ACDF100368B86 /* ViewController.swift in Sources */,
				F037602F289ACDF100368B86 /* AppDelegate.swift in Sources */,
				F0376031289ACDF100368B86 /* SceneDelegate.swift in Sources */,
			);
			runOnlyForDeploymentPostprocessing = 0;
		};
		F037603D289ACDF200368B86 /* Sources */ = {
			isa = PBXSourcesBuildPhase;
			buildActionMask = 2147483647;
			files = (
				F0376046289ACDF200368B86 /* RxSwiftStudyTests.swift in Sources */,
			);
			runOnlyForDeploymentPostprocessing = 0;
		};
		F0376047289ACDF200368B86 /* Sources */ = {
			isa = PBXSourcesBuildPhase;
			buildActionMask = 2147483647;
			files = (
				F0376052289ACDF200368B86 /* RxSwiftStudyUITestsLaunchTests.swift in Sources */,
				F0376050289ACDF200368B86 /* RxSwiftStudyUITests.swift in Sources */,
			);
			runOnlyForDeploymentPostprocessing = 0;
		};
/* End PBXSourcesBuildPhase section */

/* Begin PBXTargetDependency section */
		F0376043289ACDF200368B86 /* PBXTargetDependency */ = {
			isa = PBXTargetDependency;
			target = F037602A289ACDF100368B86 /* RxSwiftStudy */;
			targetProxy = F0376042289ACDF200368B86 /* PBXContainerItemProxy */;
		};
		F037604D289ACDF200368B86 /* PBXTargetDependency */ = {
			isa = PBXTargetDependency;
			target = F037602A289ACDF100368B86 /* RxSwiftStudy */;
			targetProxy = F037604C289ACDF200368B86 /* PBXContainerItemProxy */;
		};
/* End PBXTargetDependency section */

/* Begin PBXVariantGroup section */
		F0376034289ACDF100368B86 /* Main.storyboard */ = {
			isa = PBXVariantGroup;
			children = (
				F0376035289ACDF100368B86 /* Base */,
			);
			name = Main.storyboard;
			sourceTree = "<group>";
		};
		F0376039289ACDF200368B86 /* LaunchScreen.storyboard */ = {
			isa = PBXVariantGroup;
			children = (
				F037603A289ACDF200368B86 /* Base */,
			);
			name = LaunchScreen.storyboard;
			sourceTree = "<group>";
		};
/* End PBXVariantGroup section */

/* Begin XCBuildConfiguration section */
		F0376053289ACDF200368B86 /* Debug */ = {
			isa = XCBuildConfiguration;
			buildSettings = {
				ALWAYS_SEARCH_USER_PATHS = NO;
				CLANG_ANALYZER_NONNULL = YES;
				CLANG_ANALYZER_NUMBER_OBJECT_CONVERSION = YES_AGGRESSIVE;
				CLANG_CXX_LANGUAGE_STANDARD = "gnu++17";
				CLANG_ENABLE_MODULES = YES;
				CLANG_ENABLE_OBJC_ARC = YES;
				CLANG_ENABLE_OBJC_WEAK = YES;
				CLANG_WARN_BLOCK_CAPTURE_AUTORELEASING = YES;
				CLANG_WARN_BOOL_CONVERSION = YES;
				CLANG_WARN_COMMA = YES;
				CLANG_WARN_CONSTANT_CONVERSION = YES;
				CLANG_WARN_DEPRECATED_OBJC_IMPLEMENTATIONS = YES;
				CLANG_WARN_DIRECT_OBJC_ISA_USAGE = YES_ERROR;
				CLANG_WARN_DOCUMENTATION_COMMENTS = YES;
				CLANG_WARN_EMPTY_BODY = YES;
				CLANG_WARN_ENUM_CONVERSION = YES;
				CLANG_WARN_INFINITE_RECURSION = YES;
				CLANG_WARN_INT_CONVERSION = YES;
				CLANG_WARN_NON_LITERAL_NULL_CONVERSION = YES;
				CLANG_WARN_OBJC_IMPLICIT_RETAIN_SELF = YES;
				CLANG_WARN_OBJC_LITERAL_CONVERSION = YES;
				CLANG_WARN_OBJC_ROOT_CLASS = YES_ERROR;
				CLANG_WARN_QUOTED_INCLUDE_IN_FRAMEWORK_HEADER = YES;
				CLANG_WARN_RANGE_LOOP_ANALYSIS = YES;
				CLANG_WARN_STRICT_PROTOTYPES = YES;
				CLANG_WARN_SUSPICIOUS_MOVE = YES;
				CLANG_WARN_UNGUARDED_AVAILABILITY = YES_AGGRESSIVE;
				CLANG_WARN_UNREACHABLE_CODE = YES;
				CLANG_WARN__DUPLICATE_METHOD_MATCH = YES;
				COPY_PHASE_STRIP = NO;
				DEBUG_INFORMATION_FORMAT = dwarf;
				ENABLE_STRICT_OBJC_MSGSEND = YES;
				ENABLE_TESTABILITY = YES;
				GCC_C_LANGUAGE_STANDARD = gnu11;
				GCC_DYNAMIC_NO_PIC = NO;
				GCC_NO_COMMON_BLOCKS = YES;
				GCC_OPTIMIZATION_LEVEL = 0;
				GCC_PREPROCESSOR_DEFINITIONS = (
					"DEBUG=1",
					"$(inherited)",
				);
				GCC_WARN_64_TO_32_BIT_CONVERSION = YES;
				GCC_WARN_ABOUT_RETURN_TYPE = YES_ERROR;
				GCC_WARN_UNDECLARED_SELECTOR = YES;
				GCC_WARN_UNINITIALIZED_AUTOS = YES_AGGRESSIVE;
				GCC_WARN_UNUSED_FUNCTION = YES;
				GCC_WARN_UNUSED_VARIABLE = YES;
				IPHONEOS_DEPLOYMENT_TARGET = 15.5;
				MTL_ENABLE_DEBUG_INFO = INCLUDE_SOURCE;
				MTL_FAST_MATH = YES;
				ONLY_ACTIVE_ARCH = YES;
				SDKROOT = iphoneos;
				SWIFT_ACTIVE_COMPILATION_CONDITIONS = DEBUG;
				SWIFT_OPTIMIZATION_LEVEL = "-Onone";
			};
			name = Debug;
		};
		F0376054289ACDF200368B86 /* Release */ = {
			isa = XCBuildConfiguration;
			buildSettings = {
				ALWAYS_SEARCH_USER_PATHS = NO;
				CLANG_ANALYZER_NONNULL = YES;
				CLANG_ANALYZER_NUMBER_OBJECT_CONVERSION = YES_AGGRESSIVE;
				CLANG_CXX_LANGUAGE_STANDARD = "gnu++17";
				CLANG_ENABLE_MODULES = YES;
				CLANG_ENABLE_OBJC_ARC = YES;
				CLANG_ENABLE_OBJC_WEAK = YES;
				CLANG_WARN_BLOCK_CAPTURE_AUTORELEASING = YES;
				CLANG_WARN_BOOL_CONVERSION = YES;
				CLANG_WARN_COMMA = YES;
				CLANG_WARN_CONSTANT_CONVERSION = YES;
				CLANG_WARN_DEPRECATED_OBJC_IMPLEMENTATIONS = YES;
				CLANG_WARN_DIRECT_OBJC_ISA_USAGE = YES_ERROR;
				CLANG_WARN_DOCUMENTATION_COMMENTS = YES;
				CLANG_WARN_EMPTY_BODY = YES;
				CLANG_WARN_ENUM_CONVERSION = YES;
				CLANG_WARN_INFINITE_RECURSION = YES;
				CLANG_WARN_INT_CONVERSION = YES;
				CLANG_WARN_NON_LITERAL_NULL_CONVERSION = YES;
				CLANG_WARN_OBJC_IMPLICIT_RETAIN_SELF = YES;
				CLANG_WARN_OBJC_LITERAL_CONVERSION = YES;
				CLANG_WARN_OBJC_ROOT_CLASS = YES_ERROR;
				CLANG_WARN_QUOTED_INCLUDE_IN_FRAMEWORK_HEADER = YES;
				CLANG_WARN_RANGE_LOOP_ANALYSIS = YES;
				CLANG_WARN_STRICT_PROTOTYPES = YES;
				CLANG_WARN_SUSPICIOUS_MOVE = YES;
				CLANG_WARN_UNGUARDED_AVAILABILITY = YES_AGGRESSIVE;
				CLANG_WARN_UNREACHABLE_CODE = YES;
				CLANG_WARN__DUPLICATE_METHOD_MATCH = YES;
				COPY_PHASE_STRIP = NO;
				DEBUG_INFORMATION_FORMAT = "dwarf-with-dsym";
				ENABLE_NS_ASSERTIONS = NO;
				ENABLE_STRICT_OBJC_MSGSEND = YES;
				GCC_C_LANGUAGE_STANDARD = gnu11;
				GCC_NO_COMMON_BLOCKS = YES;
				GCC_WARN_64_TO_32_BIT_CONVERSION = YES;
				GCC_WARN_ABOUT_RETURN_TYPE = YES_ERROR;
				GCC_WARN_UNDECLARED_SELECTOR = YES;
				GCC_WARN_UNINITIALIZED_AUTOS = YES_AGGRESSIVE;
				GCC_WARN_UNUSED_FUNCTION = YES;
				GCC_WARN_UNUSED_VARIABLE = YES;
				IPHONEOS_DEPLOYMENT_TARGET = 15.5;
				MTL_ENABLE_DEBUG_INFO = NO;
				MTL_FAST_MATH = YES;
				SDKROOT = iphoneos;
				SWIFT_COMPILATION_MODE = wholemodule;
				SWIFT_OPTIMIZATION_LEVEL = "-O";
				VALIDATE_PRODUCT = YES;
			};
			name = Release;
		};
		F0376056289ACDF200368B86 /* Debug */ = {
			isa = XCBuildConfiguration;
			buildSettings = {
				ASSETCATALOG_COMPILER_APPICON_NAME = AppIcon;
				ASSETCATALOG_COMPILER_GLOBAL_ACCENT_COLOR_NAME = AccentColor;
				CODE_SIGN_STYLE = Automatic;
				CURRENT_PROJECT_VERSION = 1;
				DEVELOPMENT_TEAM = 8UV3Y69NB7;
				GENERATE_INFOPLIST_FILE = YES;
				INFOPLIST_FILE = RxSwiftStudy/Info.plist;
				INFOPLIST_KEY_UIApplicationSupportsIndirectInputEvents = YES;
				INFOPLIST_KEY_UILaunchStoryboardName = LaunchScreen;
				INFOPLIST_KEY_UIMainStoryboardFile = Main;
				INFOPLIST_KEY_UISupportedInterfaceOrientations_iPad = "UIInterfaceOrientationPortrait UIInterfaceOrientationPortraitUpsideDown UIInterfaceOrientationLandscapeLeft UIInterfaceOrientationLandscapeRight";
				INFOPLIST_KEY_UISupportedInterfaceOrientations_iPhone = "UIInterfaceOrientationPortrait UIInterfaceOrientationLandscapeLeft UIInterfaceOrientationLandscapeRight";
				LD_RUNPATH_SEARCH_PATHS = (
					"$(inherited)",
					"@executable_path/Frameworks",
				);
				MARKETING_VERSION = 1.0;
				PRODUCT_BUNDLE_IDENTIFIER = gaeng2y.RxSwiftStudy;
				PRODUCT_NAME = "$(TARGET_NAME)";
				SWIFT_EMIT_LOC_STRINGS = YES;
				SWIFT_VERSION = 5.0;
				TARGETED_DEVICE_FAMILY = "1,2";
			};
			name = Debug;
		};
		F0376057289ACDF200368B86 /* Release */ = {
			isa = XCBuildConfiguration;
			buildSettings = {
				ASSETCATALOG_COMPILER_APPICON_NAME = AppIcon;
				ASSETCATALOG_COMPILER_GLOBAL_ACCENT_COLOR_NAME = AccentColor;
				CODE_SIGN_STYLE = Automatic;
				CURRENT_PROJECT_VERSION = 1;
				DEVELOPMENT_TEAM = 8UV3Y69NB7;
				GENERATE_INFOPLIST_FILE = YES;
				INFOPLIST_FILE = RxSwiftStudy/Info.plist;
				INFOPLIST_KEY_UIApplicationSupportsIndirectInputEvents = YES;
				INFOPLIST_KEY_UILaunchStoryboardName = LaunchScreen;
				INFOPLIST_KEY_UIMainStoryboardFile = Main;
				INFOPLIST_KEY_UISupportedInterfaceOrientations_iPad = "UIInterfaceOrientationPortrait UIInterfaceOrientationPortraitUpsideDown UIInterfaceOrientationLandscapeLeft UIInterfaceOrientationLandscapeRight";
				INFOPLIST_KEY_UISupportedInterfaceOrientations_iPhone = "UIInterfaceOrientationPortrait UIInterfaceOrientationLandscapeLeft UIInterfaceOrientationLandscapeRight";
				LD_RUNPATH_SEARCH_PATHS = (
					"$(inherited)",
					"@executable_path/Frameworks",
				);
				MARKETING_VERSION = 1.0;
				PRODUCT_BUNDLE_IDENTIFIER = gaeng2y.RxSwiftStudy;
				PRODUCT_NAME = "$(TARGET_NAME)";
				SWIFT_EMIT_LOC_STRINGS = YES;
				SWIFT_VERSION = 5.0;
				TARGETED_DEVICE_FAMILY = "1,2";
			};
			name = Release;
		};
		F0376059289ACDF200368B86 /* Debug */ = {
			isa = XCBuildConfiguration;
			buildSettings = {
				ALWAYS_EMBED_SWIFT_STANDARD_LIBRARIES = YES;
				BUNDLE_LOADER = "$(TEST_HOST)";
				CODE_SIGN_STYLE = Automatic;
				CURRENT_PROJECT_VERSION = 1;
				DEVELOPMENT_TEAM = 8UV3Y69NB7;
				GENERATE_INFOPLIST_FILE = YES;
				IPHONEOS_DEPLOYMENT_TARGET = 15.5;
				MARKETING_VERSION = 1.0;
				PRODUCT_BUNDLE_IDENTIFIER = gaeng2y.RxSwiftStudyTests;
				PRODUCT_NAME = "$(TARGET_NAME)";
				SWIFT_EMIT_LOC_STRINGS = NO;
				SWIFT_VERSION = 5.0;
				TARGETED_DEVICE_FAMILY = "1,2";
				TEST_HOST = "$(BUILT_PRODUCTS_DIR)/RxSwiftStudy.app/RxSwiftStudy";
			};
			name = Debug;
		};
		F037605A289ACDF200368B86 /* Release */ = {
			isa = XCBuildConfiguration;
			buildSettings = {
				ALWAYS_EMBED_SWIFT_STANDARD_LIBRARIES = YES;
				BUNDLE_LOADER = "$(TEST_HOST)";
				CODE_SIGN_STYLE = Automatic;
				CURRENT_PROJECT_VERSION = 1;
				DEVELOPMENT_TEAM = 8UV3Y69NB7;
				GENERATE_INFOPLIST_FILE = YES;
				IPHONEOS_DEPLOYMENT_TARGET = 15.5;
				MARKETING_VERSION = 1.0;
				PRODUCT_BUNDLE_IDENTIFIER = gaeng2y.RxSwiftStudyTests;
				PRODUCT_NAME = "$(TARGET_NAME)";
				SWIFT_EMIT_LOC_STRINGS = NO;
				SWIFT_VERSION = 5.0;
				TARGETED_DEVICE_FAMILY = "1,2";
				TEST_HOST = "$(BUILT_PRODUCTS_DIR)/RxSwiftStudy.app/RxSwiftStudy";
			};
			name = Release;
		};
		F037605C289ACDF200368B86 /* Debug */ = {
			isa = XCBuildConfiguration;
			buildSettings = {
				ALWAYS_EMBED_SWIFT_STANDARD_LIBRARIES = YES;
				CODE_SIGN_STYLE = Automatic;
				CURRENT_PROJECT_VERSION = 1;
				DEVELOPMENT_TEAM = 8UV3Y69NB7;
				GENERATE_INFOPLIST_FILE = YES;
				MARKETING_VERSION = 1.0;
				PRODUCT_BUNDLE_IDENTIFIER = gaeng2y.RxSwiftStudyUITests;
				PRODUCT_NAME = "$(TARGET_NAME)";
				SWIFT_EMIT_LOC_STRINGS = NO;
				SWIFT_VERSION = 5.0;
				TARGETED_DEVICE_FAMILY = "1,2";
				TEST_TARGET_NAME = RxSwiftStudy;
			};
			name = Debug;
		};
		F037605D289ACDF200368B86 /* Release */ = {
			isa = XCBuildConfiguration;
			buildSettings = {
				ALWAYS_EMBED_SWIFT_STANDARD_LIBRARIES = YES;
				CODE_SIGN_STYLE = Automatic;
				CURRENT_PROJECT_VERSION = 1;
				DEVELOPMENT_TEAM = 8UV3Y69NB7;
				GENERATE_INFOPLIST_FILE = YES;
				MARKETING_VERSION = 1.0;
				PRODUCT_BUNDLE_IDENTIFIER = gaeng2y.RxSwiftStudyUITests;
				PRODUCT_NAME = "$(TARGET_NAME)";
				SWIFT_EMIT_LOC_STRINGS = NO;
				SWIFT_VERSION = 5.0;
				TARGETED_DEVICE_FAMILY = "1,2";
				TEST_TARGET_NAME = RxSwiftStudy;
			};
			name = Release;
		};
/* End XCBuildConfiguration section */

/* Begin XCConfigurationList section */
		F0376026289ACDF100368B86 /* Build configuration list for PBXProject "RxSwiftStudy" */ = {
			isa = XCConfigurationList;
			buildConfigurations = (
				F0376053289ACDF200368B86 /* Debug */,
				F0376054289ACDF200368B86 /* Release */,
			);
			defaultConfigurationIsVisible = 0;
			defaultConfigurationName = Release;
		};
		F0376055289ACDF200368B86 /* Build configuration list for PBXNativeTarget "RxSwiftStudy" */ = {
			isa = XCConfigurationList;
			buildConfigurations = (
				F0376056289ACDF200368B86 /* Debug */,
				F0376057289ACDF200368B86 /* Release */,
			);
			defaultConfigurationIsVisible = 0;
			defaultConfigurationName = Release;
		};
		F0376058289ACDF200368B86 /* Build configuration list for PBXNativeTarget "RxSwiftStudyTests" */ = {
			isa = XCConfigurationList;
			buildConfigurations = (
				F0376059289ACDF200368B86 /* Debug */,
				F037605A289ACDF200368B86 /* Release */,
			);
			defaultConfigurationIsVisible = 0;
			defaultConfigurationName = Release;
		};
		F037605B289ACDF200368B86 /* Build configuration list for PBXNativeTarget "RxSwiftStudyUITests" */ = {
			isa = XCConfigurationList;
			buildConfigurations = (
				F037605C289ACDF200368B86 /* Debug */,
				F037605D289ACDF200368B86 /* Release */,
			);
			defaultConfigurationIsVisible = 0;
			defaultConfigurationName = Release;
		};
/* End XCConfigurationList section */

/* Begin XCRemoteSwiftPackageReference section */
		F037605F289ACE3300368B86 /* XCRemoteSwiftPackageReference "RxSwift" */ = {
			isa = XCRemoteSwiftPackageReference;
			repositoryURL = "https://github.com/ReactiveX/RxSwift";
			requirement = {
				kind = upToNextMajorVersion;
				minimumVersion = 6.0.0;
			};
		};
/* End XCRemoteSwiftPackageReference section */

/* Begin XCSwiftPackageProductDependency section */
		F0376060289ACE3300368B86 /* RxCocoa */ = {
			isa = XCSwiftPackageProductDependency;
			package = F037605F289ACE3300368B86 /* XCRemoteSwiftPackageReference "RxSwift" */;
			productName = RxCocoa;
		};
		F0376062289ACE3300368B86 /* RxRelay */ = {
			isa = XCSwiftPackageProductDependency;
			package = F037605F289ACE3300368B86 /* XCRemoteSwiftPackageReference "RxSwift" */;
			productName = RxRelay;
		};
		F0376064289ACE3300368B86 /* RxSwift */ = {
			isa = XCSwiftPackageProductDependency;
			package = F037605F289ACE3300368B86 /* XCRemoteSwiftPackageReference "RxSwift" */;
			productName = RxSwift;
		};
/* End XCSwiftPackageProductDependency section */
	};
	rootObject = F0376023289ACDF100368B86 /* Project object */;
}
